
Microsoft Visual Studio Solution File, Format Version 11.00
# Visual Studio 2010
Project("{FAE04EC0-301F-11D3-BF4B-00C04F79EFBC}") = "Zenject", "Zenject.csproj", "{9eea1f52-adfa-2f29-d31f-892bc98ed410}"
EndProject
Project("{FAE04EC0-301F-11D3-BF4B-00C04F79EFBC}") = "StompyRobot.SRF", "StompyRobot.SRF.csproj", "{16399423-18a0-9b2a-fd5c-10b4e4655ee9}"
EndProject
Project("{FAE04EC0-301F-11D3-BF4B-00C04F79EFBC}") = "StompyRobot.SRDebugger", "StompyRobot.SRDebugger.csproj", "{f1a05113-bf0e-ffeb-c5e9-5fe6825ca69a}"
EndProject
Project("{FAE04EC0-301F-11D3-BF4B-00C04F79EFBC}") = "Assembly-CSharp", "Assembly-CSharp.csproj", "{00aebcb8-3248-c7d0-c7bb-b8fd9b0a7d67}"
EndProject
Project("{FAE04EC0-301F-11D3-BF4B-00C04F79EFBC}") = "Zenject-IntegrationTests", "Zenject-IntegrationTests.csproj", "{51ec7733-cd9c-8b07-5d70-6255a5efbea2}"
EndProject
Project("{FAE04EC0-301F-11D3-BF4B-00C04F79EFBC}") = "Zenject-IntegrationTests-Editor", "Zenject-IntegrationTests-Editor.csproj", "{a41ca399-8876-353d-5ffc-b2655fbc39cf}"
EndProject
Project("{FAE04EC0-301F-11D3-BF4B-00C04F79EFBC}") = "CFXRDemo", "CFXRDemo.csproj", "{7fbf4cf9-5a1e-1f56-850b-2bff752e4b09}"
EndProject
Project("{FAE04EC0-301F-11D3-BF4B-00C04F79EFBC}") = "UnityHFSM", "UnityHFSM.csproj", "{336aac07-9762-c85f-e659-56aa195c861e}"
EndProject
Project("{FAE04EC0-301F-11D3-BF4B-00C04F79EFBC}") = "CFXRRuntime", "CFXRRuntime.csproj", "{8cdaec65-f469-c9d4-144f-282d33b67773}"
EndProject
Project("{FAE04EC0-301F-11D3-BF4B-00C04F79EFBC}") = "NavMeshComponents", "NavMeshComponents.csproj", "{3c2a89df-8638-5c64-46c0-b83bdfb128ed}"
EndProject
Project("{FAE04EC0-301F-11D3-BF4B-00C04F79EFBC}") = "SROptions", "SROptions.csproj", "{febaecdd-52a1-f23f-f632-aa716b720398}"
EndProject
Project("{FAE04EC0-301F-11D3-BF4B-00C04F79EFBC}") = "Assembly-CSharp-firstpass", "Assembly-CSharp-firstpass.csproj", "{4aaf4eb7-3712-a26d-8ae6-4f093e3bdc83}"
EndProject
Project("{FAE04EC0-301F-11D3-BF4B-00C04F79EFBC}") = "KinoBloom.Runtime", "KinoBloom.Runtime.csproj", "{a9960fcb-20c0-608c-a73e-b75d9d26c037}"
EndProject
Project("{FAE04EC0-301F-11D3-BF4B-00C04F79EFBC}") = "Zenject-PoolMonitor-Editor", "Zenject-PoolMonitor-Editor.csproj", "{c959264d-6414-d1f5-4253-f1d2c6990ea2}"
EndProject
Project("{FAE04EC0-301F-11D3-BF4B-00C04F79EFBC}") = "Zenject-UnitTests-Editor", "Zenject-UnitTests-Editor.csproj", "{ec5f285e-0855-dd0e-1586-60084f3efc3d}"
EndProject
Project("{FAE04EC0-301F-11D3-BF4B-00C04F79EFBC}") = "StompyRobot.SRF.Editor", "StompyRobot.SRF.Editor.csproj", "{1952a849-a544-82dc-2f46-1a7f6056ea6c}"
EndProject
Project("{FAE04EC0-301F-11D3-BF4B-00C04F79EFBC}") = "CFXREditor", "CFXREditor.csproj", "{8b4a4477-5269-5629-7a11-929dbc06bcbe}"
EndProject
Project("{FAE04EC0-301F-11D3-BF4B-00C04F79EFBC}") = "StompyRobot.SRDebugger.Editor", "StompyRobot.SRDebugger.Editor.csproj", "{533e4a2b-9362-0178-865e-45bd1d6b3365}"
EndProject
Project("{FAE04EC0-301F-11D3-BF4B-00C04F79EFBC}") = "Zenject-TestFramework", "Zenject-TestFramework.csproj", "{51215b4f-ff3e-b77a-060a-406c1f3f9794}"
EndProject
Project("{FAE04EC0-301F-11D3-BF4B-00C04F79EFBC}") = "Assembly-CSharp-Editor-firstpass", "Assembly-CSharp-Editor-firstpass.csproj", "{d1478a59-7738-3529-4ab9-d41548c4e3d4}"
EndProject
Project("{FAE04EC0-301F-11D3-BF4B-00C04F79EFBC}") = "Assembly-CSharp-Editor", "Assembly-CSharp-Editor.csproj", "{b39f2b04-47e2-dd45-085f-2a231d9df9e9}"
EndProject
Project("{FAE04EC0-301F-11D3-BF4B-00C04F79EFBC}") = "Zenject-ReflectionBaking-Editor", "Zenject-ReflectionBaking-Editor.csproj", "{32c5db96-c0ec-274c-7e0c-09058215a494}"
EndProject
Project("{FAE04EC0-301F-11D3-BF4B-00C04F79EFBC}") = "NavMeshComponentsEditor", "NavMeshComponentsEditor.csproj", "{8e19e253-f7e7-ef99-5061-f59ab0bc0ba5}"
EndProject
Project("{FAE04EC0-301F-11D3-BF4B-00C04F79EFBC}") = "Zenject-Editor", "Zenject-Editor.csproj", "{4ced7499-191c-11b3-d03e-bcdb2bbabc06}"
EndProject
Project("{FAE04EC0-301F-11D3-BF4B-00C04F79EFBC}") = "ToonyColorsPro.Demo.Editor", "ToonyColorsPro.Demo.Editor.csproj", "{e64ee45c-1b17-b25d-c93c-17c198d254c7}"
EndProject
Project("{FAE04EC0-301F-11D3-BF4B-00C04F79EFBC}") = "Game.Editor", "Game.Editor.csproj", "{c85b38c2-76dd-ebd8-4f39-b9bf73c636c7}"
EndProject
Global
	GlobalSection(SolutionConfigurationPlatforms) = preSolution
		Debug|Any CPU = Debug|Any CPU
	EndGlobalSection
	GlobalSection(ProjectConfigurationPlatforms) = postSolution
		{9eea1f52-adfa-2f29-d31f-892bc98ed410}.Debug|Any CPU.ActiveCfg = Debug|Any CPU
		{9eea1f52-adfa-2f29-d31f-892bc98ed410}.Debug|Any CPU.Build.0 = Debug|Any CPU
		{16399423-18a0-9b2a-fd5c-10b4e4655ee9}.Debug|Any CPU.ActiveCfg = Debug|Any CPU
		{16399423-18a0-9b2a-fd5c-10b4e4655ee9}.Debug|Any CPU.Build.0 = Debug|Any CPU
		{f1a05113-bf0e-ffeb-c5e9-5fe6825ca69a}.Debug|Any CPU.ActiveCfg = Debug|Any CPU
		{f1a05113-bf0e-ffeb-c5e9-5fe6825ca69a}.Debug|Any CPU.Build.0 = Debug|Any CPU
		{00aebcb8-3248-c7d0-c7bb-b8fd9b0a7d67}.Debug|Any CPU.ActiveCfg = Debug|Any CPU
		{00aebcb8-3248-c7d0-c7bb-b8fd9b0a7d67}.Debug|Any CPU.Build.0 = Debug|Any CPU
		{51ec7733-cd9c-8b07-5d70-6255a5efbea2}.Debug|Any CPU.ActiveCfg = Debug|Any CPU
		{51ec7733-cd9c-8b07-5d70-6255a5efbea2}.Debug|Any CPU.Build.0 = Debug|Any CPU
		{a41ca399-8876-353d-5ffc-b2655fbc39cf}.Debug|Any CPU.ActiveCfg = Debug|Any CPU
		{a41ca399-8876-353d-5ffc-b2655fbc39cf}.Debug|Any CPU.Build.0 = Debug|Any CPU
		{7fbf4cf9-5a1e-1f56-850b-2bff752e4b09}.Debug|Any CPU.ActiveCfg = Debug|Any CPU
		{7fbf4cf9-5a1e-1f56-850b-2bff752e4b09}.Debug|Any CPU.Build.0 = Debug|Any CPU
		{336aac07-9762-c85f-e659-56aa195c861e}.Debug|Any CPU.ActiveCfg = Debug|Any CPU
		{336aac07-9762-c85f-e659-56aa195c861e}.Debug|Any CPU.Build.0 = Debug|Any CPU
		{8cdaec65-f469-c9d4-144f-282d33b67773}.Debug|Any CPU.ActiveCfg = Debug|Any CPU
		{8cdaec65-f469-c9d4-144f-282d33b67773}.Debug|Any CPU.Build.0 = Debug|Any CPU
		{3c2a89df-8638-5c64-46c0-b83bdfb128ed}.Debug|Any CPU.ActiveCfg = Debug|Any CPU
		{3c2a89df-8638-5c64-46c0-b83bdfb128ed}.Debug|Any CPU.Build.0 = Debug|Any CPU
		{febaecdd-52a1-f23f-f632-aa716b720398}.Debug|Any CPU.ActiveCfg = Debug|Any CPU
		{febaecdd-52a1-f23f-f632-aa716b720398}.Debug|Any CPU.Build.0 = Debug|Any CPU
		{4aaf4eb7-3712-a26d-8ae6-4f093e3bdc83}.Debug|Any CPU.ActiveCfg = Debug|Any CPU
		{4aaf4eb7-3712-a26d-8ae6-4f093e3bdc83}.Debug|Any CPU.Build.0 = Debug|Any CPU
		{a9960fcb-20c0-608c-a73e-b75d9d26c037}.Debug|Any CPU.ActiveCfg = Debug|Any CPU
		{a9960fcb-20c0-608c-a73e-b75d9d26c037}.Debug|Any CPU.Build.0 = Debug|Any CPU
		{c959264d-6414-d1f5-4253-f1d2c6990ea2}.Debug|Any CPU.ActiveCfg = Debug|Any CPU
		{c959264d-6414-d1f5-4253-f1d2c6990ea2}.Debug|Any CPU.Build.0 = Debug|Any CPU
		{ec5f285e-0855-dd0e-1586-60084f3efc3d}.Debug|Any CPU.ActiveCfg = Debug|Any CPU
		{ec5f285e-0855-dd0e-1586-60084f3efc3d}.Debug|Any CPU.Build.0 = Debug|Any CPU
		{1952a849-a544-82dc-2f46-1a7f6056ea6c}.Debug|Any CPU.ActiveCfg = Debug|Any CPU
		{1952a849-a544-82dc-2f46-1a7f6056ea6c}.Debug|Any CPU.Build.0 = Debug|Any CPU
		{8b4a4477-5269-5629-7a11-929dbc06bcbe}.Debug|Any CPU.ActiveCfg = Debug|Any CPU
		{8b4a4477-5269-5629-7a11-929dbc06bcbe}.Debug|Any CPU.Build.0 = Debug|Any CPU
		{533e4a2b-9362-0178-865e-45bd1d6b3365}.Debug|Any CPU.ActiveCfg = Debug|Any CPU
		{533e4a2b-9362-0178-865e-45bd1d6b3365}.Debug|Any CPU.Build.0 = Debug|Any CPU
		{51215b4f-ff3e-b77a-060a-406c1f3f9794}.Debug|Any CPU.ActiveCfg = Debug|Any CPU
		{51215b4f-ff3e-b77a-060a-406c1f3f9794}.Debug|Any CPU.Build.0 = Debug|Any CPU
		{d1478a59-7738-3529-4ab9-d41548c4e3d4}.Debug|Any CPU.ActiveCfg = Debug|Any CPU
		{d1478a59-7738-3529-4ab9-d41548c4e3d4}.Debug|Any CPU.Build.0 = Debug|Any CPU
		{b39f2b04-47e2-dd45-085f-2a231d9df9e9}.Debug|Any CPU.ActiveCfg = Debug|Any CPU
		{b39f2b04-47e2-dd45-085f-2a231d9df9e9}.Debug|Any CPU.Build.0 = Debug|Any CPU
		{32c5db96-c0ec-274c-7e0c-09058215a494}.Debug|Any CPU.ActiveCfg = Debug|Any CPU
		{32c5db96-c0ec-274c-7e0c-09058215a494}.Debug|Any CPU.Build.0 = Debug|Any CPU
		{8e19e253-f7e7-ef99-5061-f59ab0bc0ba5}.Debug|Any CPU.ActiveCfg = Debug|Any CPU
		{8e19e253-f7e7-ef99-5061-f59ab0bc0ba5}.Debug|Any CPU.Build.0 = Debug|Any CPU
		{4ced7499-191c-11b3-d03e-bcdb2bbabc06}.Debug|Any CPU.ActiveCfg = Debug|Any CPU
		{4ced7499-191c-11b3-d03e-bcdb2bbabc06}.Debug|Any CPU.Build.0 = Debug|Any CPU
		{e64ee45c-1b17-b25d-c93c-17c198d254c7}.Debug|Any CPU.ActiveCfg = Debug|Any CPU
		{e64ee45c-1b17-b25d-c93c-17c198d254c7}.Debug|Any CPU.Build.0 = Debug|Any CPU
		{c85b38c2-76dd-ebd8-4f39-b9bf73c636c7}.Debug|Any CPU.ActiveCfg = Debug|Any CPU
		{c85b38c2-76dd-ebd8-4f39-b9bf73c636c7}.Debug|Any CPU.Build.0 = Debug|Any CPU
	EndGlobalSection
	GlobalSection(SolutionProperties) = preSolution
		HideSolutionNode = FALSE
	EndGlobalSection
EndGlobal
